
Microsoft Visual Studio Solution File, Format Version 12.00
# Visual Studio Version 17
VisualStudioVersion = 17.6.33829.357
MinimumVisualStudioVersion = 10.0.40219.1
Project("{FAE04EC0-301F-11D3-BF4B-00C04F79EFBC}") = "VendingMachineOOP", "VendingMachineOOP.csproj", "{5A86E3BD-B1B1-445D-A7F9-0C9F956C5BFA}"
EndProject
Global
	GlobalSection(SolutionConfigurationPlatforms) = preSolution
		Debug|Any CPU = Debug|Any CPU
		Release|Any CPU = Release|Any CPU
	EndGlobalSection
	GlobalSection(ProjectConfigurationPlatforms) = postSolution
		{5A86E3BD-B1B1-445D-A7F9-0C9F956C5BFA}.Debug|Any CPU.ActiveCfg = Debug|Any CPU
		{5A86E3BD-B1B1-445D-A7F9-0C9F956C5BFA}.Debug|Any CPU.Build.0 = Debug|Any CPU
		{5A86E3BD-B1B1-445D-A7F9-0C9F956C5BFA}.Release|Any CPU.ActiveCfg = Release|Any CPU
		{5A86E3BD-B1B1-445D-A7F9-0C9F956C5BFA}.Release|Any CPU.Build.0 = Release|Any CPU
	EndGlobalSection
	GlobalSection(SolutionProperties) = preSolution
		HideSolutionNode = FALSE
	EndGlobalSection
	GlobalSection(ExtensibilityGlobals) = postSolution
		SolutionGuid = {19B4D698-9B7C-4181-A240-2FA61778E692}
	EndGlobalSection
EndGlobal
